
Microsoft Visual Studio Solution File, Format Version 12.00
# Visual Studio Version 16
VisualStudioVersion = 16.0.29403.142
MinimumVisualStudioVersion = 10.0.40219.1
Project("{FAE04EC0-301F-11D3-BF4B-00C04F79EFBC}") = "AsciiArtCombiner", "AsciiArtCombiner\AsciiArtCombiner.csproj", "{31B5A1FE-3154-482F-AF1B-9B888D80C0EE}"
EndProject
Project("{FAE04EC0-301F-11D3-BF4B-00C04F79EFBC}") = "ClassLibrary1", "ClassLibrary1\ClassLibrary1.csproj", "{EF8CCBDF-90C0-43A9-93CE-0D095E5CE387}"
EndProject
Global
	GlobalSection(SolutionConfigurationPlatforms) = preSolution
		Debug|Any CPU = Debug|Any CPU
		Release|Any CPU = Release|Any CPU
	EndGlobalSection
	GlobalSection(ProjectConfigurationPlatforms) = postSolution
		{31B5A1FE-3154-482F-AF1B-9B888D80C0EE}.Debug|Any CPU.ActiveCfg = Debug|Any CPU
		{31B5A1FE-3154-482F-AF1B-9B888D80C0EE}.Debug|Any CPU.Build.0 = Debug|Any CPU
		{31B5A1FE-3154-482F-AF1B-9B888D80C0EE}.Release|Any CPU.ActiveCfg = Release|Any CPU
		{31B5A1FE-3154-482F-AF1B-9B888D80C0EE}.Release|Any CPU.Build.0 = Release|Any CPU
		{EF8CCBDF-90C0-43A9-93CE-0D095E5CE387}.Debug|Any CPU.ActiveCfg = Debug|Any CPU
		{EF8CCBDF-90C0-43A9-93CE-0D095E5CE387}.Debug|Any CPU.Build.0 = Debug|Any CPU
		{EF8CCBDF-90C0-43A9-93CE-0D095E5CE387}.Release|Any CPU.ActiveCfg = Release|Any CPU
		{EF8CCBDF-90C0-43A9-93CE-0D095E5CE387}.Release|Any CPU.Build.0 = Release|Any CPU
	EndGlobalSection
	GlobalSection(SolutionProperties) = preSolution
		HideSolutionNode = FALSE
	EndGlobalSection
	GlobalSection(ExtensibilityGlobals) = postSolution
		SolutionGuid = {FF582CCE-F96B-4A6B-820E-DFAB9B102A2F}
	EndGlobalSection
EndGlobal
